{
    "name": "@veto-party/test-git-diff-00",
    "lockfileVersion": 3,
    "requires": true,
    "packages": {
        "": {
            "name": "@veto-party/test-git-diff-00",
            "workspaces": [
                "./packages/**"
            ]
        },
        "node_modules/test_workspace": {
            "resolved": "packages/workspace",
            "link": true
        },
        "packages/workspace": {
            "name": "test_workspace"
        }
    }
}
